
Microsoft Visual Studio Solution File, Format Version 12.00
# Visual Studio Version 17
VisualStudioVersion = 17.2.32616.157
MinimumVisualStudioVersion = 10.0.40219.1
Project("{FAE04EC0-301F-11D3-BF4B-00C04F79EFBC}") = "C34_THREADS_JOIN_LOCK", "C34_THREADS_JOIN_LOCK\C34_THREADS_JOIN_LOCK.csproj", "{6F754BB8-DE8C-46C5-B25F-27D68EF0137B}"
EndProject
Global
	GlobalSection(SolutionConfigurationPlatforms) = preSolution
		Debug|Any CPU = Debug|Any CPU
		Release|Any CPU = Release|Any CPU
	EndGlobalSection
	GlobalSection(ProjectConfigurationPlatforms) = postSolution
		{6F754BB8-DE8C-46C5-B25F-27D68EF0137B}.Debug|Any CPU.ActiveCfg = Debug|Any CPU
		{6F754BB8-DE8C-46C5-B25F-27D68EF0137B}.Debug|Any CPU.Build.0 = Debug|Any CPU
		{6F754BB8-DE8C-46C5-B25F-27D68EF0137B}.Release|Any CPU.ActiveCfg = Release|Any CPU
		{6F754BB8-DE8C-46C5-B25F-27D68EF0137B}.Release|Any CPU.Build.0 = Release|Any CPU
	EndGlobalSection
	GlobalSection(SolutionProperties) = preSolution
		HideSolutionNode = FALSE
	EndGlobalSection
	GlobalSection(ExtensibilityGlobals) = postSolution
		SolutionGuid = {5C84B907-982D-4FAB-AAC8-408457C269A6}
	EndGlobalSection
EndGlobal
