
Microsoft Visual Studio Solution File, Format Version 12.00
# Visual Studio Version 17
VisualStudioVersion = 17.2.32616.157
MinimumVisualStudioVersion = 10.0.40219.1
Project("{FAE04EC0-301F-11D3-BF4B-00C04F79EFBC}") = "C40_POO", "C40_POO\C40_POO.csproj", "{E0E15F42-978A-4882-BD3C-B2B9C277E90B}"
EndProject
Global
	GlobalSection(SolutionConfigurationPlatforms) = preSolution
		Debug|Any CPU = Debug|Any CPU
		Release|Any CPU = Release|Any CPU
	EndGlobalSection
	GlobalSection(ProjectConfigurationPlatforms) = postSolution
		{E0E15F42-978A-4882-BD3C-B2B9C277E90B}.Debug|Any CPU.ActiveCfg = Debug|Any CPU
		{E0E15F42-978A-4882-BD3C-B2B9C277E90B}.Debug|Any CPU.Build.0 = Debug|Any CPU
		{E0E15F42-978A-4882-BD3C-B2B9C277E90B}.Release|Any CPU.ActiveCfg = Release|Any CPU
		{E0E15F42-978A-4882-BD3C-B2B9C277E90B}.Release|Any CPU.Build.0 = Release|Any CPU
	EndGlobalSection
	GlobalSection(SolutionProperties) = preSolution
		HideSolutionNode = FALSE
	EndGlobalSection
	GlobalSection(ExtensibilityGlobals) = postSolution
		SolutionGuid = {B139D3AC-7D7B-43A1-8329-6850B18BDCE3}
	EndGlobalSection
EndGlobal
