
Microsoft Visual Studio Solution File, Format Version 12.00
# Visual Studio Version 17
VisualStudioVersion = 17.2.32616.157
MinimumVisualStudioVersion = 10.0.40219.1
Project("{FAE04EC0-301F-11D3-BF4B-00C04F79EFBC}") = "C37_Threads_Task", "C37_Threads_Task\C37_Threads_Task.csproj", "{EC4A6DC0-320C-4DD0-930F-29BE2D2B5FAB}"
EndProject
Global
	GlobalSection(SolutionConfigurationPlatforms) = preSolution
		Debug|Any CPU = Debug|Any CPU
		Release|Any CPU = Release|Any CPU
	EndGlobalSection
	GlobalSection(ProjectConfigurationPlatforms) = postSolution
		{EC4A6DC0-320C-4DD0-930F-29BE2D2B5FAB}.Debug|Any CPU.ActiveCfg = Debug|Any CPU
		{EC4A6DC0-320C-4DD0-930F-29BE2D2B5FAB}.Debug|Any CPU.Build.0 = Debug|Any CPU
		{EC4A6DC0-320C-4DD0-930F-29BE2D2B5FAB}.Release|Any CPU.ActiveCfg = Release|Any CPU
		{EC4A6DC0-320C-4DD0-930F-29BE2D2B5FAB}.Release|Any CPU.Build.0 = Release|Any CPU
	EndGlobalSection
	GlobalSection(SolutionProperties) = preSolution
		HideSolutionNode = FALSE
	EndGlobalSection
	GlobalSection(ExtensibilityGlobals) = postSolution
		SolutionGuid = {35790F2F-84DB-4021-AFE0-328F8C20F271}
	EndGlobalSection
EndGlobal
