
Microsoft Visual Studio Solution File, Format Version 12.00
# Visual Studio Version 17
VisualStudioVersion = 17.2.32616.157
MinimumVisualStudioVersion = 10.0.40219.1
Project("{FAE04EC0-301F-11D3-BF4B-00C04F79EFBC}") = "C6_Manipulacion_String", "C6_Manipulacion_String\C6_Manipulacion_String.csproj", "{F1661AC5-C02B-4762-B7C8-4D9741810BFF}"
EndProject
Global
	GlobalSection(SolutionConfigurationPlatforms) = preSolution
		Debug|Any CPU = Debug|Any CPU
		Release|Any CPU = Release|Any CPU
	EndGlobalSection
	GlobalSection(ProjectConfigurationPlatforms) = postSolution
		{F1661AC5-C02B-4762-B7C8-4D9741810BFF}.Debug|Any CPU.ActiveCfg = Debug|Any CPU
		{F1661AC5-C02B-4762-B7C8-4D9741810BFF}.Debug|Any CPU.Build.0 = Debug|Any CPU
		{F1661AC5-C02B-4762-B7C8-4D9741810BFF}.Release|Any CPU.ActiveCfg = Release|Any CPU
		{F1661AC5-C02B-4762-B7C8-4D9741810BFF}.Release|Any CPU.Build.0 = Release|Any CPU
	EndGlobalSection
	GlobalSection(SolutionProperties) = preSolution
		HideSolutionNode = FALSE
	EndGlobalSection
	GlobalSection(ExtensibilityGlobals) = postSolution
		SolutionGuid = {28406170-C189-4FA6-907C-E20CFD3E2D26}
	EndGlobalSection
EndGlobal
