
Microsoft Visual Studio Solution File, Format Version 12.00
# Visual Studio Version 17
VisualStudioVersion = 17.2.32616.157
MinimumVisualStudioVersion = 10.0.40219.1
Project("{FAE04EC0-301F-11D3-BF4B-00C04F79EFBC}") = "C39_Task_Cancellation", "C39_Task_Cancellation\C39_Task_Cancellation.csproj", "{CE2602C1-4A4A-4158-A11F-B9CFA50E3820}"
EndProject
Global
	GlobalSection(SolutionConfigurationPlatforms) = preSolution
		Debug|Any CPU = Debug|Any CPU
		Release|Any CPU = Release|Any CPU
	EndGlobalSection
	GlobalSection(ProjectConfigurationPlatforms) = postSolution
		{CE2602C1-4A4A-4158-A11F-B9CFA50E3820}.Debug|Any CPU.ActiveCfg = Debug|Any CPU
		{CE2602C1-4A4A-4158-A11F-B9CFA50E3820}.Debug|Any CPU.Build.0 = Debug|Any CPU
		{CE2602C1-4A4A-4158-A11F-B9CFA50E3820}.Release|Any CPU.ActiveCfg = Release|Any CPU
		{CE2602C1-4A4A-4158-A11F-B9CFA50E3820}.Release|Any CPU.Build.0 = Release|Any CPU
	EndGlobalSection
	GlobalSection(SolutionProperties) = preSolution
		HideSolutionNode = FALSE
	EndGlobalSection
	GlobalSection(ExtensibilityGlobals) = postSolution
		SolutionGuid = {8093D18D-63A1-4593-AF5C-ABFB42E04192}
	EndGlobalSection
EndGlobal
