
Microsoft Visual Studio Solution File, Format Version 12.00
# Visual Studio Version 17
VisualStudioVersion = 17.2.32616.157
MinimumVisualStudioVersion = 10.0.40219.1
Project("{FAE04EC0-301F-11D3-BF4B-00C04F79EFBC}") = "C24_WPF_GRID", "C24_WPF_GRID\C24_WPF_GRID.csproj", "{B4BAAB5C-9D90-480F-A246-B5F03CC77757}"
EndProject
Global
	GlobalSection(SolutionConfigurationPlatforms) = preSolution
		Debug|Any CPU = Debug|Any CPU
		Release|Any CPU = Release|Any CPU
	EndGlobalSection
	GlobalSection(ProjectConfigurationPlatforms) = postSolution
		{B4BAAB5C-9D90-480F-A246-B5F03CC77757}.Debug|Any CPU.ActiveCfg = Debug|Any CPU
		{B4BAAB5C-9D90-480F-A246-B5F03CC77757}.Debug|Any CPU.Build.0 = Debug|Any CPU
		{B4BAAB5C-9D90-480F-A246-B5F03CC77757}.Release|Any CPU.ActiveCfg = Release|Any CPU
		{B4BAAB5C-9D90-480F-A246-B5F03CC77757}.Release|Any CPU.Build.0 = Release|Any CPU
	EndGlobalSection
	GlobalSection(SolutionProperties) = preSolution
		HideSolutionNode = FALSE
	EndGlobalSection
	GlobalSection(ExtensibilityGlobals) = postSolution
		SolutionGuid = {249CCDE7-F90B-4B76-886C-D717ABAF28F3}
	EndGlobalSection
EndGlobal
