
Microsoft Visual Studio Solution File, Format Version 12.00
# Visual Studio Version 17
VisualStudioVersion = 17.2.32616.157
MinimumVisualStudioVersion = 10.0.40219.1
Project("{FAE04EC0-301F-11D3-BF4B-00C04F79EFBC}") = "C13_Listas", "C13_Listas\C13_Listas.csproj", "{A012CF93-4A30-4A03-BD1D-C2539DE1EC83}"
EndProject
Global
	GlobalSection(SolutionConfigurationPlatforms) = preSolution
		Debug|Any CPU = Debug|Any CPU
		Release|Any CPU = Release|Any CPU
	EndGlobalSection
	GlobalSection(ProjectConfigurationPlatforms) = postSolution
		{A012CF93-4A30-4A03-BD1D-C2539DE1EC83}.Debug|Any CPU.ActiveCfg = Debug|Any CPU
		{A012CF93-4A30-4A03-BD1D-C2539DE1EC83}.Debug|Any CPU.Build.0 = Debug|Any CPU
		{A012CF93-4A30-4A03-BD1D-C2539DE1EC83}.Release|Any CPU.ActiveCfg = Release|Any CPU
		{A012CF93-4A30-4A03-BD1D-C2539DE1EC83}.Release|Any CPU.Build.0 = Release|Any CPU
	EndGlobalSection
	GlobalSection(SolutionProperties) = preSolution
		HideSolutionNode = FALSE
	EndGlobalSection
	GlobalSection(ExtensibilityGlobals) = postSolution
		SolutionGuid = {067169B5-0906-4098-ADD9-7860834EB1D8}
	EndGlobalSection
EndGlobal
