
Microsoft Visual Studio Solution File, Format Version 12.00
# Visual Studio Version 17
VisualStudioVersion = 17.2.32616.157
MinimumVisualStudioVersion = 10.0.40219.1
Project("{FAE04EC0-301F-11D3-BF4B-00C04F79EFBC}") = "C28_Base_Datos_SQL_Server", "C28_Base_Datos_SQL_Server\C28_Base_Datos_SQL_Server.csproj", "{1356BC85-121D-4E41-94E2-AC0ECCD5E5FD}"
EndProject
Global
	GlobalSection(SolutionConfigurationPlatforms) = preSolution
		Debug|Any CPU = Debug|Any CPU
		Release|Any CPU = Release|Any CPU
	EndGlobalSection
	GlobalSection(ProjectConfigurationPlatforms) = postSolution
		{1356BC85-121D-4E41-94E2-AC0ECCD5E5FD}.Debug|Any CPU.ActiveCfg = Debug|Any CPU
		{1356BC85-121D-4E41-94E2-AC0ECCD5E5FD}.Debug|Any CPU.Build.0 = Debug|Any CPU
		{1356BC85-121D-4E41-94E2-AC0ECCD5E5FD}.Release|Any CPU.ActiveCfg = Release|Any CPU
		{1356BC85-121D-4E41-94E2-AC0ECCD5E5FD}.Release|Any CPU.Build.0 = Release|Any CPU
	EndGlobalSection
	GlobalSection(SolutionProperties) = preSolution
		HideSolutionNode = FALSE
	EndGlobalSection
	GlobalSection(ExtensibilityGlobals) = postSolution
		SolutionGuid = {D800BAEA-C611-4E18-BFA9-4D1AE0559ADC}
	EndGlobalSection
EndGlobal
