
Microsoft Visual Studio Solution File, Format Version 12.00
# Visual Studio Version 17
VisualStudioVersion = 17.2.32616.157
MinimumVisualStudioVersion = 10.0.40219.1
Project("{FAE04EC0-301F-11D3-BF4B-00C04F79EFBC}") = "C38_Tasks_Parallel", "C38_Tasks_Parallel\C38_Tasks_Parallel.csproj", "{C6EC42D2-4EAE-4585-8A09-33A062A61BF5}"
EndProject
Global
	GlobalSection(SolutionConfigurationPlatforms) = preSolution
		Debug|Any CPU = Debug|Any CPU
		Release|Any CPU = Release|Any CPU
	EndGlobalSection
	GlobalSection(ProjectConfigurationPlatforms) = postSolution
		{C6EC42D2-4EAE-4585-8A09-33A062A61BF5}.Debug|Any CPU.ActiveCfg = Debug|Any CPU
		{C6EC42D2-4EAE-4585-8A09-33A062A61BF5}.Debug|Any CPU.Build.0 = Debug|Any CPU
		{C6EC42D2-4EAE-4585-8A09-33A062A61BF5}.Release|Any CPU.ActiveCfg = Release|Any CPU
		{C6EC42D2-4EAE-4585-8A09-33A062A61BF5}.Release|Any CPU.Build.0 = Release|Any CPU
	EndGlobalSection
	GlobalSection(SolutionProperties) = preSolution
		HideSolutionNode = FALSE
	EndGlobalSection
	GlobalSection(ExtensibilityGlobals) = postSolution
		SolutionGuid = {58DA2063-76CE-46EF-9E0E-2E868BB16920}
	EndGlobalSection
EndGlobal
