
Microsoft Visual Studio Solution File, Format Version 12.00
# Visual Studio Version 17
VisualStudioVersion = 17.2.32616.157
MinimumVisualStudioVersion = 10.0.40219.1
Project("{FAE04EC0-301F-11D3-BF4B-00C04F79EFBC}") = "C20_Expresiones_Lambda", "C20_Expresiones_Lambda\C20_Expresiones_Lambda.csproj", "{2DC55E62-E548-41B9-9F92-44BF90D252BC}"
EndProject
Global
	GlobalSection(SolutionConfigurationPlatforms) = preSolution
		Debug|Any CPU = Debug|Any CPU
		Release|Any CPU = Release|Any CPU
	EndGlobalSection
	GlobalSection(ProjectConfigurationPlatforms) = postSolution
		{2DC55E62-E548-41B9-9F92-44BF90D252BC}.Debug|Any CPU.ActiveCfg = Debug|Any CPU
		{2DC55E62-E548-41B9-9F92-44BF90D252BC}.Debug|Any CPU.Build.0 = Debug|Any CPU
		{2DC55E62-E548-41B9-9F92-44BF90D252BC}.Release|Any CPU.ActiveCfg = Release|Any CPU
		{2DC55E62-E548-41B9-9F92-44BF90D252BC}.Release|Any CPU.Build.0 = Release|Any CPU
	EndGlobalSection
	GlobalSection(SolutionProperties) = preSolution
		HideSolutionNode = FALSE
	EndGlobalSection
	GlobalSection(ExtensibilityGlobals) = postSolution
		SolutionGuid = {8CB24790-521E-4146-924B-265BB431073F}
	EndGlobalSection
EndGlobal
