
Microsoft Visual Studio Solution File, Format Version 12.00
# Visual Studio Version 17
VisualStudioVersion = 17.2.32616.157
MinimumVisualStudioVersion = 10.0.40219.1
Project("{FAE04EC0-301F-11D3-BF4B-00C04F79EFBC}") = "C5_While", "C5_While\C5_While.csproj", "{ABCD5DA0-AA58-48E6-8608-F0FD4764BFB9}"
EndProject
Global
	GlobalSection(SolutionConfigurationPlatforms) = preSolution
		Debug|Any CPU = Debug|Any CPU
		Release|Any CPU = Release|Any CPU
	EndGlobalSection
	GlobalSection(ProjectConfigurationPlatforms) = postSolution
		{ABCD5DA0-AA58-48E6-8608-F0FD4764BFB9}.Debug|Any CPU.ActiveCfg = Debug|Any CPU
		{ABCD5DA0-AA58-48E6-8608-F0FD4764BFB9}.Debug|Any CPU.Build.0 = Debug|Any CPU
		{ABCD5DA0-AA58-48E6-8608-F0FD4764BFB9}.Release|Any CPU.ActiveCfg = Release|Any CPU
		{ABCD5DA0-AA58-48E6-8608-F0FD4764BFB9}.Release|Any CPU.Build.0 = Release|Any CPU
	EndGlobalSection
	GlobalSection(SolutionProperties) = preSolution
		HideSolutionNode = FALSE
	EndGlobalSection
	GlobalSection(ExtensibilityGlobals) = postSolution
		SolutionGuid = {3E138520-A96B-44E0-98F7-2171B3858E83}
	EndGlobalSection
EndGlobal
