
Microsoft Visual Studio Solution File, Format Version 12.00
# Visual Studio Version 17
VisualStudioVersion = 17.2.32616.157
MinimumVisualStudioVersion = 10.0.40219.1
Project("{FAE04EC0-301F-11D3-BF4B-00C04F79EFBC}") = "C35_Thread_TaskCompletionSource", "C35_Thread_TaskCompletionSource\C35_Thread_TaskCompletionSource.csproj", "{0D1357BB-C3AD-46F8-AE0B-5494BA122BCC}"
EndProject
Global
	GlobalSection(SolutionConfigurationPlatforms) = preSolution
		Debug|Any CPU = Debug|Any CPU
		Release|Any CPU = Release|Any CPU
	EndGlobalSection
	GlobalSection(ProjectConfigurationPlatforms) = postSolution
		{0D1357BB-C3AD-46F8-AE0B-5494BA122BCC}.Debug|Any CPU.ActiveCfg = Debug|Any CPU
		{0D1357BB-C3AD-46F8-AE0B-5494BA122BCC}.Debug|Any CPU.Build.0 = Debug|Any CPU
		{0D1357BB-C3AD-46F8-AE0B-5494BA122BCC}.Release|Any CPU.ActiveCfg = Release|Any CPU
		{0D1357BB-C3AD-46F8-AE0B-5494BA122BCC}.Release|Any CPU.Build.0 = Release|Any CPU
	EndGlobalSection
	GlobalSection(SolutionProperties) = preSolution
		HideSolutionNode = FALSE
	EndGlobalSection
	GlobalSection(ExtensibilityGlobals) = postSolution
		SolutionGuid = {1C4EF7C5-EA16-462F-9DCC-4EC2B098BF2D}
	EndGlobalSection
EndGlobal
