
Microsoft Visual Studio Solution File, Format Version 12.00
# Visual Studio Version 17
VisualStudioVersion = 17.2.32616.157
MinimumVisualStudioVersion = 10.0.40219.1
Project("{FAE04EC0-301F-11D3-BF4B-00C04F79EFBC}") = "C8_1_Metodos_Constructores", "C8_1_Metodos_Constructores\C8_1_Metodos_Constructores.csproj", "{10432246-FE63-4E3F-821E-22A1787E1C9B}"
EndProject
Global
	GlobalSection(SolutionConfigurationPlatforms) = preSolution
		Debug|Any CPU = Debug|Any CPU
		Release|Any CPU = Release|Any CPU
	EndGlobalSection
	GlobalSection(ProjectConfigurationPlatforms) = postSolution
		{10432246-FE63-4E3F-821E-22A1787E1C9B}.Debug|Any CPU.ActiveCfg = Debug|Any CPU
		{10432246-FE63-4E3F-821E-22A1787E1C9B}.Debug|Any CPU.Build.0 = Debug|Any CPU
		{10432246-FE63-4E3F-821E-22A1787E1C9B}.Release|Any CPU.ActiveCfg = Release|Any CPU
		{10432246-FE63-4E3F-821E-22A1787E1C9B}.Release|Any CPU.Build.0 = Release|Any CPU
	EndGlobalSection
	GlobalSection(SolutionProperties) = preSolution
		HideSolutionNode = FALSE
	EndGlobalSection
	GlobalSection(ExtensibilityGlobals) = postSolution
		SolutionGuid = {1D949C50-B6D4-4BE2-AAF2-FAD172C3C63E}
	EndGlobalSection
EndGlobal
